
Microsoft Visual Studio Solution File, Format Version 12.00
# Visual Studio Version 17
VisualStudioVersion = 17.0.32126.317
MinimumVisualStudioVersion = 10.0.40219.1
Project("{FAE04EC0-301F-11D3-BF4B-00C04F79EFBC}") = "GitHubTestWeb", "GitHubTestWeb.csproj", "{2616A663-9C70-44B0-AD53-1F8F47D9EACA}"
EndProject
Global
	GlobalSection(SolutionConfigurationPlatforms) = preSolution
		Debug|Any CPU = Debug|Any CPU
		Release|Any CPU = Release|Any CPU
	EndGlobalSection
	GlobalSection(ProjectConfigurationPlatforms) = postSolution
		{2616A663-9C70-44B0-AD53-1F8F47D9EACA}.Debug|Any CPU.ActiveCfg = Debug|Any CPU
		{2616A663-9C70-44B0-AD53-1F8F47D9EACA}.Debug|Any CPU.Build.0 = Debug|Any CPU
		{2616A663-9C70-44B0-AD53-1F8F47D9EACA}.Release|Any CPU.ActiveCfg = Release|Any CPU
		{2616A663-9C70-44B0-AD53-1F8F47D9EACA}.Release|Any CPU.Build.0 = Release|Any CPU
	EndGlobalSection
	GlobalSection(SolutionProperties) = preSolution
		HideSolutionNode = FALSE
	EndGlobalSection
	GlobalSection(ExtensibilityGlobals) = postSolution
		SolutionGuid = {0B9DA124-B982-43BC-A5DD-3AC573689A78}
	EndGlobalSection
EndGlobal
